
Microsoft Visual Studio Solution File, Format Version 12.00
# Visual Studio 2013
VisualStudioVersion = 12.0.40629.0
MinimumVisualStudioVersion = 10.0.40219.1
Project("{FAE04EC0-301F-11D3-BF4B-00C04F79EFBC}") = "POCA", "POCA\POCA.csproj", "{3E0A20FA-14EE-4DC0-971D-4A6E83E7917A}"
	ProjectSection(ProjectDependencies) = postProject
		{C0F55371-BD2A-4FA4-B586-0D07C085481F} = {C0F55371-BD2A-4FA4-B586-0D07C085481F}
	EndProjectSection
EndProject
Project("{FAE04EC0-301F-11D3-BF4B-00C04F79EFBC}") = "PocaWebsite", "PocaWebsite\PocaWebsite.csproj", "{DEE7233E-25F7-4885-B905-7A30D9FEC307}"
	ProjectSection(ProjectDependencies) = postProject
		{61EF2637-C41E-43A7-829C-D147761709C2} = {61EF2637-C41E-43A7-829C-D147761709C2}
		{C0F55371-BD2A-4FA4-B586-0D07C085481F} = {C0F55371-BD2A-4FA4-B586-0D07C085481F}
	EndProjectSection
EndProject
Project("{CC5FD16D-436D-48AD-A40C-5A424C6E3E79}") = "RandomNumbers", "RandomNumbers\RandomNumbers.ccproj", "{4F7AA157-6BDA-4BE0-BCC3-8BF8B0CE890C}"
EndProject
Project("{FAE04EC0-301F-11D3-BF4B-00C04F79EFBC}") = "WCFServiceWebRole1", "WCFServiceWebRole1\WCFServiceWebRole1.csproj", "{C0F55371-BD2A-4FA4-B586-0D07C085481F}"
EndProject
Project("{CC5FD16D-436D-48AD-A40C-5A424C6E3E79}") = "UpdateProfileService", "UpdateProfileService\UpdateProfileService.ccproj", "{99A22490-64E5-4483-9C0B-228F77D37472}"
EndProject
Project("{FAE04EC0-301F-11D3-BF4B-00C04F79EFBC}") = "WCFServiceWebRole2", "WCFServiceWebRole2\WCFServiceWebRole2.csproj", "{61EF2637-C41E-43A7-829C-D147761709C2}"
EndProject
Project("{FAE04EC0-301F-11D3-BF4B-00C04F79EFBC}") = "ClassLibraryPOCA", "ClassLibraryPOCA\ClassLibraryPOCA.csproj", "{79E7BAC2-EA8C-4C62-ADC5-A5FAB5323CE5}"
EndProject
Global
	GlobalSection(SolutionConfigurationPlatforms) = preSolution
		Debug|Any CPU = Debug|Any CPU
		Debug|ARM = Debug|ARM
		Debug|x86 = Debug|x86
		Release|Any CPU = Release|Any CPU
		Release|ARM = Release|ARM
		Release|x86 = Release|x86
	EndGlobalSection
	GlobalSection(ProjectConfigurationPlatforms) = postSolution
		{3E0A20FA-14EE-4DC0-971D-4A6E83E7917A}.Debug|Any CPU.ActiveCfg = Debug|Any CPU
		{3E0A20FA-14EE-4DC0-971D-4A6E83E7917A}.Debug|Any CPU.Build.0 = Debug|Any CPU
		{3E0A20FA-14EE-4DC0-971D-4A6E83E7917A}.Debug|Any CPU.Deploy.0 = Debug|Any CPU
		{3E0A20FA-14EE-4DC0-971D-4A6E83E7917A}.Debug|ARM.ActiveCfg = Debug|ARM
		{3E0A20FA-14EE-4DC0-971D-4A6E83E7917A}.Debug|ARM.Build.0 = Debug|ARM
		{3E0A20FA-14EE-4DC0-971D-4A6E83E7917A}.Debug|ARM.Deploy.0 = Debug|ARM
		{3E0A20FA-14EE-4DC0-971D-4A6E83E7917A}.Debug|x86.ActiveCfg = Debug|x86
		{3E0A20FA-14EE-4DC0-971D-4A6E83E7917A}.Debug|x86.Build.0 = Debug|x86
		{3E0A20FA-14EE-4DC0-971D-4A6E83E7917A}.Debug|x86.Deploy.0 = Debug|x86
		{3E0A20FA-14EE-4DC0-971D-4A6E83E7917A}.Release|Any CPU.ActiveCfg = Release|Any CPU
		{3E0A20FA-14EE-4DC0-971D-4A6E83E7917A}.Release|Any CPU.Build.0 = Release|Any CPU
		{3E0A20FA-14EE-4DC0-971D-4A6E83E7917A}.Release|Any CPU.Deploy.0 = Release|Any CPU
		{3E0A20FA-14EE-4DC0-971D-4A6E83E7917A}.Release|ARM.ActiveCfg = Release|ARM
		{3E0A20FA-14EE-4DC0-971D-4A6E83E7917A}.Release|ARM.Build.0 = Release|ARM
		{3E0A20FA-14EE-4DC0-971D-4A6E83E7917A}.Release|ARM.Deploy.0 = Release|ARM
		{3E0A20FA-14EE-4DC0-971D-4A6E83E7917A}.Release|x86.ActiveCfg = Release|x86
		{3E0A20FA-14EE-4DC0-971D-4A6E83E7917A}.Release|x86.Build.0 = Release|x86
		{3E0A20FA-14EE-4DC0-971D-4A6E83E7917A}.Release|x86.Deploy.0 = Release|x86
		{DEE7233E-25F7-4885-B905-7A30D9FEC307}.Debug|Any CPU.ActiveCfg = Debug|Any CPU
		{DEE7233E-25F7-4885-B905-7A30D9FEC307}.Debug|Any CPU.Build.0 = Debug|Any CPU
		{DEE7233E-25F7-4885-B905-7A30D9FEC307}.Debug|ARM.ActiveCfg = Debug|Any CPU
		{DEE7233E-25F7-4885-B905-7A30D9FEC307}.Debug|ARM.Build.0 = Debug|Any CPU
		{DEE7233E-25F7-4885-B905-7A30D9FEC307}.Debug|x86.ActiveCfg = Debug|Any CPU
		{DEE7233E-25F7-4885-B905-7A30D9FEC307}.Debug|x86.Build.0 = Debug|Any CPU
		{DEE7233E-25F7-4885-B905-7A30D9FEC307}.Release|Any CPU.ActiveCfg = Release|Any CPU
		{DEE7233E-25F7-4885-B905-7A30D9FEC307}.Release|Any CPU.Build.0 = Release|Any CPU
		{DEE7233E-25F7-4885-B905-7A30D9FEC307}.Release|ARM.ActiveCfg = Release|Any CPU
		{DEE7233E-25F7-4885-B905-7A30D9FEC307}.Release|ARM.Build.0 = Release|Any CPU
		{DEE7233E-25F7-4885-B905-7A30D9FEC307}.Release|x86.ActiveCfg = Release|Any CPU
		{DEE7233E-25F7-4885-B905-7A30D9FEC307}.Release|x86.Build.0 = Release|Any CPU
		{4F7AA157-6BDA-4BE0-BCC3-8BF8B0CE890C}.Debug|Any CPU.ActiveCfg = Debug|Any CPU
		{4F7AA157-6BDA-4BE0-BCC3-8BF8B0CE890C}.Debug|Any CPU.Build.0 = Debug|Any CPU
		{4F7AA157-6BDA-4BE0-BCC3-8BF8B0CE890C}.Debug|ARM.ActiveCfg = Debug|Any CPU
		{4F7AA157-6BDA-4BE0-BCC3-8BF8B0CE890C}.Debug|ARM.Build.0 = Debug|Any CPU
		{4F7AA157-6BDA-4BE0-BCC3-8BF8B0CE890C}.Debug|x86.ActiveCfg = Debug|Any CPU
		{4F7AA157-6BDA-4BE0-BCC3-8BF8B0CE890C}.Debug|x86.Build.0 = Debug|Any CPU
		{4F7AA157-6BDA-4BE0-BCC3-8BF8B0CE890C}.Release|Any CPU.ActiveCfg = Release|Any CPU
		{4F7AA157-6BDA-4BE0-BCC3-8BF8B0CE890C}.Release|Any CPU.Build.0 = Release|Any CPU
		{4F7AA157-6BDA-4BE0-BCC3-8BF8B0CE890C}.Release|ARM.ActiveCfg = Release|Any CPU
		{4F7AA157-6BDA-4BE0-BCC3-8BF8B0CE890C}.Release|ARM.Build.0 = Release|Any CPU
		{4F7AA157-6BDA-4BE0-BCC3-8BF8B0CE890C}.Release|x86.ActiveCfg = Release|Any CPU
		{4F7AA157-6BDA-4BE0-BCC3-8BF8B0CE890C}.Release|x86.Build.0 = Release|Any CPU
		{C0F55371-BD2A-4FA4-B586-0D07C085481F}.Debug|Any CPU.ActiveCfg = Debug|Any CPU
		{C0F55371-BD2A-4FA4-B586-0D07C085481F}.Debug|Any CPU.Build.0 = Debug|Any CPU
		{C0F55371-BD2A-4FA4-B586-0D07C085481F}.Debug|ARM.ActiveCfg = Debug|Any CPU
		{C0F55371-BD2A-4FA4-B586-0D07C085481F}.Debug|ARM.Build.0 = Debug|Any CPU
		{C0F55371-BD2A-4FA4-B586-0D07C085481F}.Debug|x86.ActiveCfg = Debug|Any CPU
		{C0F55371-BD2A-4FA4-B586-0D07C085481F}.Debug|x86.Build.0 = Debug|Any CPU
		{C0F55371-BD2A-4FA4-B586-0D07C085481F}.Release|Any CPU.ActiveCfg = Release|Any CPU
		{C0F55371-BD2A-4FA4-B586-0D07C085481F}.Release|Any CPU.Build.0 = Release|Any CPU
		{C0F55371-BD2A-4FA4-B586-0D07C085481F}.Release|ARM.ActiveCfg = Release|Any CPU
		{C0F55371-BD2A-4FA4-B586-0D07C085481F}.Release|ARM.Build.0 = Release|Any CPU
		{C0F55371-BD2A-4FA4-B586-0D07C085481F}.Release|x86.ActiveCfg = Release|Any CPU
		{C0F55371-BD2A-4FA4-B586-0D07C085481F}.Release|x86.Build.0 = Release|Any CPU
		{99A22490-64E5-4483-9C0B-228F77D37472}.Debug|Any CPU.ActiveCfg = Debug|Any CPU
		{99A22490-64E5-4483-9C0B-228F77D37472}.Debug|Any CPU.Build.0 = Debug|Any CPU
		{99A22490-64E5-4483-9C0B-228F77D37472}.Debug|ARM.ActiveCfg = Debug|Any CPU
		{99A22490-64E5-4483-9C0B-228F77D37472}.Debug|x86.ActiveCfg = Debug|Any CPU
		{99A22490-64E5-4483-9C0B-228F77D37472}.Release|Any CPU.ActiveCfg = Release|Any CPU
		{99A22490-64E5-4483-9C0B-228F77D37472}.Release|Any CPU.Build.0 = Release|Any CPU
		{99A22490-64E5-4483-9C0B-228F77D37472}.Release|ARM.ActiveCfg = Release|Any CPU
		{99A22490-64E5-4483-9C0B-228F77D37472}.Release|x86.ActiveCfg = Release|Any CPU
		{61EF2637-C41E-43A7-829C-D147761709C2}.Debug|Any CPU.ActiveCfg = Debug|Any CPU
		{61EF2637-C41E-43A7-829C-D147761709C2}.Debug|Any CPU.Build.0 = Debug|Any CPU
		{61EF2637-C41E-43A7-829C-D147761709C2}.Debug|ARM.ActiveCfg = Debug|Any CPU
		{61EF2637-C41E-43A7-829C-D147761709C2}.Debug|x86.ActiveCfg = Debug|Any CPU
		{61EF2637-C41E-43A7-829C-D147761709C2}.Release|Any CPU.ActiveCfg = Release|Any CPU
		{61EF2637-C41E-43A7-829C-D147761709C2}.Release|Any CPU.Build.0 = Release|Any CPU
		{61EF2637-C41E-43A7-829C-D147761709C2}.Release|ARM.ActiveCfg = Release|Any CPU
		{61EF2637-C41E-43A7-829C-D147761709C2}.Release|x86.ActiveCfg = Release|Any CPU
		{79E7BAC2-EA8C-4C62-ADC5-A5FAB5323CE5}.Debug|Any CPU.ActiveCfg = Debug|Any CPU
		{79E7BAC2-EA8C-4C62-ADC5-A5FAB5323CE5}.Debug|Any CPU.Build.0 = Debug|Any CPU
		{79E7BAC2-EA8C-4C62-ADC5-A5FAB5323CE5}.Debug|ARM.ActiveCfg = Debug|Any CPU
		{79E7BAC2-EA8C-4C62-ADC5-A5FAB5323CE5}.Debug|x86.ActiveCfg = Debug|Any CPU
		{79E7BAC2-EA8C-4C62-ADC5-A5FAB5323CE5}.Release|Any CPU.ActiveCfg = Release|Any CPU
		{79E7BAC2-EA8C-4C62-ADC5-A5FAB5323CE5}.Release|Any CPU.Build.0 = Release|Any CPU
		{79E7BAC2-EA8C-4C62-ADC5-A5FAB5323CE5}.Release|ARM.ActiveCfg = Release|Any CPU
		{79E7BAC2-EA8C-4C62-ADC5-A5FAB5323CE5}.Release|x86.ActiveCfg = Release|Any CPU
	EndGlobalSection
	GlobalSection(SolutionProperties) = preSolution
		HideSolutionNode = FALSE
	EndGlobalSection
EndGlobal
